
Microsoft Visual Studio Solution File, Format Version 12.00
# Visual Studio Version 17
VisualStudioVersion = 17.3.32819.101
MinimumVisualStudioVersion = 10.0.40219.1
Project("{2150E333-8FDC-42A3-9474-1A3956D46DE8}") = "src", "src", "{1B720166-6449-40E1-B0D8-FF095C8D7172}"
EndProject
Project("{9A19103F-16F7-4668-BE54-9A1E7A4F7556}") = "Application", "src\Application\Application.csproj", "{13624458-D028-4967-B04E-B3816CD4D90C}"
EndProject
Project("{9A19103F-16F7-4668-BE54-9A1E7A4F7556}") = "Infrastructure", "src\Infrastructure\Infrastructure.csproj", "{36A82FC1-FEE0-47B0-8F5D-73EC56E0096D}"
EndProject
Project("{FAE04EC0-301F-11D3-BF4B-00C04F79EFBC}") = "Auth", "src\Auth\Auth.csproj", "{6EB91657-2973-4ED1-9A95-E949EAA95458}"
EndProject
Project("{FAE04EC0-301F-11D3-BF4B-00C04F79EFBC}") = "MVCNew", "src\MVCNew\MVCNew.csproj", "{E3A53EB2-815E-47DD-BEFF-0D20EDEF8444}"
EndProject
Global
	GlobalSection(SolutionConfigurationPlatforms) = preSolution
		Debug|Any CPU = Debug|Any CPU
		Release|Any CPU = Release|Any CPU
	EndGlobalSection
	GlobalSection(ProjectConfigurationPlatforms) = postSolution
		{13624458-D028-4967-B04E-B3816CD4D90C}.Debug|Any CPU.ActiveCfg = Debug|Any CPU
		{13624458-D028-4967-B04E-B3816CD4D90C}.Debug|Any CPU.Build.0 = Debug|Any CPU
		{13624458-D028-4967-B04E-B3816CD4D90C}.Release|Any CPU.ActiveCfg = Release|Any CPU
		{13624458-D028-4967-B04E-B3816CD4D90C}.Release|Any CPU.Build.0 = Release|Any CPU
		{36A82FC1-FEE0-47B0-8F5D-73EC56E0096D}.Debug|Any CPU.ActiveCfg = Debug|Any CPU
		{36A82FC1-FEE0-47B0-8F5D-73EC56E0096D}.Debug|Any CPU.Build.0 = Debug|Any CPU
		{36A82FC1-FEE0-47B0-8F5D-73EC56E0096D}.Release|Any CPU.ActiveCfg = Release|Any CPU
		{36A82FC1-FEE0-47B0-8F5D-73EC56E0096D}.Release|Any CPU.Build.0 = Release|Any CPU
		{6EB91657-2973-4ED1-9A95-E949EAA95458}.Debug|Any CPU.ActiveCfg = Debug|Any CPU
		{6EB91657-2973-4ED1-9A95-E949EAA95458}.Debug|Any CPU.Build.0 = Debug|Any CPU
		{6EB91657-2973-4ED1-9A95-E949EAA95458}.Release|Any CPU.ActiveCfg = Release|Any CPU
		{6EB91657-2973-4ED1-9A95-E949EAA95458}.Release|Any CPU.Build.0 = Release|Any CPU
		{E3A53EB2-815E-47DD-BEFF-0D20EDEF8444}.Debug|Any CPU.ActiveCfg = Debug|Any CPU
		{E3A53EB2-815E-47DD-BEFF-0D20EDEF8444}.Debug|Any CPU.Build.0 = Debug|Any CPU
		{E3A53EB2-815E-47DD-BEFF-0D20EDEF8444}.Release|Any CPU.ActiveCfg = Release|Any CPU
		{E3A53EB2-815E-47DD-BEFF-0D20EDEF8444}.Release|Any CPU.Build.0 = Release|Any CPU
	EndGlobalSection
	GlobalSection(SolutionProperties) = preSolution
		HideSolutionNode = FALSE
	EndGlobalSection
	GlobalSection(NestedProjects) = preSolution
		{13624458-D028-4967-B04E-B3816CD4D90C} = {1B720166-6449-40E1-B0D8-FF095C8D7172}
		{36A82FC1-FEE0-47B0-8F5D-73EC56E0096D} = {1B720166-6449-40E1-B0D8-FF095C8D7172}
		{6EB91657-2973-4ED1-9A95-E949EAA95458} = {1B720166-6449-40E1-B0D8-FF095C8D7172}
		{E3A53EB2-815E-47DD-BEFF-0D20EDEF8444} = {1B720166-6449-40E1-B0D8-FF095C8D7172}
	EndGlobalSection
	GlobalSection(ExtensibilityGlobals) = postSolution
		SolutionGuid = {0754A512-4C87-47B7-BA14-7A728A8B796B}
	EndGlobalSection
EndGlobal
